# This file is machine-generated by `gh actions-lock`.
# Do not edit by hand; run `gh actions-lock` to update.
# Docs: https://gh.io/actions-lockfile
version: 'v0.0.2'
workflows:
    '.github/workflows/ci.yml':
        - 'erlef/setup-beam@v1.24.1'
    '.github/workflows/codeql.yml':
        - 'github/codeql-action@v4.37.6'
    '.github/workflows/pages.yml':
        - 'actions/deploy-pages@v5.0.0'
        - 'actions/upload-pages-artifact@v5.0.0'
    '.github/workflows/secret-scanner.yml': []
dependencies:
    'actions/deploy-pages@v5.0.0':
        ref: 'v5.0.0'
        commit: 'sha1-cd2ce8fcbc39b97be8ca5fce6e763baed58fa128'
        owner_id: 44036562
        repo_id: 438112499
    'actions/upload-artifact@bbbca2ddaa5d8feaa63e36b76fdaad77386f024f':
        ref: 'v7.0.0'
        commit: 'sha1-bbbca2ddaa5d8feaa63e36b76fdaad77386f024f'
        owner_id: 44036562
        repo_id: 192625955
    'actions/upload-pages-artifact@v5.0.0':
        ref: 'v5.0.0'
        commit: 'sha1-fc324d3547104276b827a68afc52ff2a11cc49c9'
        owner_id: 44036562
        repo_id: 496012378
        uses:
            - 'actions/upload-artifact@bbbca2ddaa5d8feaa63e36b76fdaad77386f024f'
    'erlef/setup-beam@v1.24.1':
        ref: 'v1.24.1'
        commit: 'sha1-54075bcc5e249e4758d363f27d099f55d843f124'
        owner_id: 47606891
        repo_id: 331103973
    'github/codeql-action@v4.37.6':
        ref: 'v4.37.6'
        commit: 'sha1-5595ccaf912efad79be6eef63a5619ff05969be3'
        owner_id: 9919
        repo_id: 259445878
